
Microsoft Visual Studio Solution File, Format Version 12.00
# Visual Studio Version 17
VisualStudioVersion = 17.0.31903.59
MinimumVisualStudioVersion = 10.0.40219.1
Project("{9A19103F-16F7-4668-BE54-9A1E7A4F7556}") = "SimpleSts.Web", "SimpleSts.Web\SimpleSts.Web.csproj", "{51E0DD55-CBC3-4957-8DE4-C048249CE737}"
EndProject
Project("{9A19103F-16F7-4668-BE54-9A1E7A4F7556}") = "SimpleSts.Core", "SimpleSts.Core\SimpleSts.Core.csproj", "{A2EF6C88-CF81-4525-B0B8-1CEA417AEB84}"
EndProject
Project("{9A19103F-16F7-4668-BE54-9A1E7A4F7556}") = "SimpleSts.Contracts", "SimpleSts.Contracts\SimpleSts.Contracts.csproj", "{C286366E-1888-4D4F-8BE9-ECB5C2F26241}"
EndProject
Project("{2150E333-8FDC-42A3-9474-1A3956D46DE8}") = "solution items", "solution items", "{EE3A5EDA-7CAA-42D9-93AB-509D6CC23F20}"
	ProjectSection(SolutionItems) = preProject
		SimpleSts.Web\.gitignore = SimpleSts.Web\.gitignore
		SimpleSts.Web\README.md = SimpleSts.Web\README.md
	EndProjectSection
EndProject
Global
	GlobalSection(SolutionConfigurationPlatforms) = preSolution
		Debug|Any CPU = Debug|Any CPU
		Release|Any CPU = Release|Any CPU
	EndGlobalSection
	GlobalSection(ProjectConfigurationPlatforms) = postSolution
		{51E0DD55-CBC3-4957-8DE4-C048249CE737}.Debug|Any CPU.ActiveCfg = Debug|Any CPU
		{51E0DD55-CBC3-4957-8DE4-C048249CE737}.Debug|Any CPU.Build.0 = Debug|Any CPU
		{51E0DD55-CBC3-4957-8DE4-C048249CE737}.Release|Any CPU.ActiveCfg = Release|Any CPU
		{51E0DD55-CBC3-4957-8DE4-C048249CE737}.Release|Any CPU.Build.0 = Release|Any CPU
		{A2EF6C88-CF81-4525-B0B8-1CEA417AEB84}.Debug|Any CPU.ActiveCfg = Debug|Any CPU
		{A2EF6C88-CF81-4525-B0B8-1CEA417AEB84}.Debug|Any CPU.Build.0 = Debug|Any CPU
		{A2EF6C88-CF81-4525-B0B8-1CEA417AEB84}.Release|Any CPU.ActiveCfg = Release|Any CPU
		{A2EF6C88-CF81-4525-B0B8-1CEA417AEB84}.Release|Any CPU.Build.0 = Release|Any CPU
		{C286366E-1888-4D4F-8BE9-ECB5C2F26241}.Debug|Any CPU.ActiveCfg = Debug|Any CPU
		{C286366E-1888-4D4F-8BE9-ECB5C2F26241}.Debug|Any CPU.Build.0 = Debug|Any CPU
		{C286366E-1888-4D4F-8BE9-ECB5C2F26241}.Release|Any CPU.ActiveCfg = Release|Any CPU
		{C286366E-1888-4D4F-8BE9-ECB5C2F26241}.Release|Any CPU.Build.0 = Release|Any CPU
	EndGlobalSection
	GlobalSection(SolutionProperties) = preSolution
		HideSolutionNode = FALSE
	EndGlobalSection
	GlobalSection(ExtensibilityGlobals) = postSolution
		SolutionGuid = {ECC364BA-6C83-4F09-A47B-6C643A810010}
	EndGlobalSection
EndGlobal
